// !$*UTF8*$!
{
	archiveVersion = 1;
	classes = {
	};
	objectVersion = 51;
	objects = {

/* Begin PBXBuildFile section */
		C00489164FFA414A6D0265AD /* Pods_GAPublicUI.framework in Frameworks */ = {isa = PBXBuildFile; fileRef = 324E9D22799F43742E6FE4E6 /* Pods_GAPublicUI.framework */; };
		DC171DEB243D66A1004920A6 /* AppDelegate.swift in Sources */ = {isa = PBXBuildFile; fileRef = DC171DEA243D66A1004920A6 /* AppDelegate.swift */; };
		DC171DED243D66A1004920A6 /* SceneDelegate.swift in Sources */ = {isa = PBXBuildFile; fileRef = DC171DEC243D66A1004920A6 /* SceneDelegate.swift */; };
		DC171DEF243D66A1004920A6 /* ViewController.swift in Sources */ = {isa = PBXBuildFile; fileRef = DC171DEE243D66A1004920A6 /* ViewController.swift */; };
		DC171DF2243D66A1004920A6 /* Main.storyboard in Resources */ = {isa = PBXBuildFile; fileRef = DC171DF0243D66A1004920A6 /* Main.storyboard */; };
		DC171DF4243D66A3004920A6 /* Assets.xcassets in Resources */ = {isa = PBXBuildFile; fileRef = DC171DF3243D66A3004920A6 /* Assets.xcassets */; };
		DC171DF7243D66A3004920A6 /* LaunchScreen.storyboard in Resources */ = {isa = PBXBuildFile; fileRef = DC171DF5243D66A3004920A6 /* LaunchScreen.storyboard */; };
		DCC2017B243D79F0004435B8 /* AAViewController.swift in Sources */ = {isa = PBXBuildFile; fileRef = DCC2017A243D79F0004435B8 /* AAViewController.swift */; };
/* End PBXBuildFile section */

/* Begin PBXCopyFilesBuildPhase section */
		DCC20178243D78AE004435B8 /* Embed Frameworks */ = {
			isa = PBXCopyFilesBuildPhase;
			buildActionMask = 2147483647;
			dstPath = "";
			dstSubfolderSpec = 10;
			files = (
			);
			name = "Embed Frameworks";
			runOnlyForDeploymentPostprocessing = 0;
		};
/* End PBXCopyFilesBuildPhase section */

/* Begin PBXFileReference section */
		324E9D22799F43742E6FE4E6 /* Pods_GAPublicUI.framework */ = {isa = PBXFileReference; explicitFileType = wrapper.framework; includeInIndex = 0; path = Pods_GAPublicUI.framework; sourceTree = BUILT_PRODUCTS_DIR; };
		BE6297146DC3A55FB03057F6 /* Pods-GAPublicUI.release.xcconfig */ = {isa = PBXFileReference; includeInIndex = 1; lastKnownFileType = text.xcconfig; name = "Pods-GAPublicUI.release.xcconfig"; path = "Target Support Files/Pods-GAPublicUI/Pods-GAPublicUI.release.xcconfig"; sourceTree = "<group>"; };
		D8AC1B72C3F4DC5E5F9AED24 /* Pods-GAPublicUI.debug.xcconfig */ = {isa = PBXFileReference; includeInIndex = 1; lastKnownFileType = text.xcconfig; name = "Pods-GAPublicUI.debug.xcconfig"; path = "Target Support Files/Pods-GAPublicUI/Pods-GAPublicUI.debug.xcconfig"; sourceTree = "<group>"; };
		DC171DE7243D66A1004920A6 /* GAPublicUI.app */ = {isa = PBXFileReference; explicitFileType = wrapper.application; includeInIndex = 0; path = GAPublicUI.app; sourceTree = BUILT_PRODUCTS_DIR; };
		DC171DEA243D66A1004920A6 /* AppDelegate.swift */ = {isa = PBXFileReference; lastKnownFileType = sourcecode.swift; path = AppDelegate.swift; sourceTree = "<group>"; };
		DC171DEC243D66A1004920A6 /* SceneDelegate.swift */ = {isa = PBXFileReference; lastKnownFileType = sourcecode.swift; path = SceneDelegate.swift; sourceTree = "<group>"; };
		DC171DEE243D66A1004920A6 /* ViewController.swift */ = {isa = PBXFileReference; lastKnownFileType = sourcecode.swift; path = ViewController.swift; sourceTree = "<group>"; };
		DC171DF1243D66A1004920A6 /* Base */ = {isa = PBXFileReference; lastKnownFileType = file.storyboard; name = Base; path = Base.lproj/Main.storyboard; sourceTree = "<group>"; };
		DC171DF3243D66A3004920A6 /* Assets.xcassets */ = {isa = PBXFileReference; lastKnownFileType = folder.assetcatalog; path = Assets.xcassets; sourceTree = "<group>"; };
		DC171DF6243D66A3004920A6 /* Base */ = {isa = PBXFileReference; lastKnownFileType = file.storyboard; name = Base; path = Base.lproj/LaunchScreen.storyboard; sourceTree = "<group>"; };
		DC171DF8243D66A3004920A6 /* Info.plist */ = {isa = PBXFileReference; lastKnownFileType = text.plist.xml; path = Info.plist; sourceTree = "<group>"; };
		DCC2017A243D79F0004435B8 /* AAViewController.swift */ = {isa = PBXFileReference; lastKnownFileType = sourcecode.swift; path = AAViewController.swift; sourceTree = "<group>"; };
/* End PBXFileReference section */

/* Begin PBXFrameworksBuildPhase section */
		DC171DE4243D66A1004920A6 /* Frameworks */ = {
			isa = PBXFrameworksBuildPhase;
			buildActionMask = 2147483647;
			files = (
				C00489164FFA414A6D0265AD /* Pods_GAPublicUI.framework in Frameworks */,
			);
			runOnlyForDeploymentPostprocessing = 0;
		};
/* End PBXFrameworksBuildPhase section */

/* Begin PBXGroup section */
		5CD733975734CC9E279196A4 /* Frameworks */ = {
			isa = PBXGroup;
			children = (
				324E9D22799F43742E6FE4E6 /* Pods_GAPublicUI.framework */,
			);
			name = Frameworks;
			sourceTree = "<group>";
		};
		9904C4E60571AEECCCB582B2 /* Pods */ = {
			isa = PBXGroup;
			children = (
				D8AC1B72C3F4DC5E5F9AED24 /* Pods-GAPublicUI.debug.xcconfig */,
				BE6297146DC3A55FB03057F6 /* Pods-GAPublicUI.release.xcconfig */,
			);
			path = Pods;
			sourceTree = "<group>";
		};
		DC171DDE243D66A1004920A6 = {
			isa = PBXGroup;
			children = (
				DC171DE9243D66A1004920A6 /* GAPublicUI */,
				DC171DE8243D66A1004920A6 /* Products */,
				5CD733975734CC9E279196A4 /* Frameworks */,
				9904C4E60571AEECCCB582B2 /* Pods */,
			);
			sourceTree = "<group>";
		};
		DC171DE8243D66A1004920A6 /* Products */ = {
			isa = PBXGroup;
			children = (
				DC171DE7243D66A1004920A6 /* GAPublicUI.app */,
			);
			name = Products;
			sourceTree = "<group>";
		};
		DC171DE9243D66A1004920A6 /* GAPublicUI */ = {
			isa = PBXGroup;
			children = (
				DC171DEA243D66A1004920A6 /* AppDelegate.swift */,
				DC171DEC243D66A1004920A6 /* SceneDelegate.swift */,
				DC171DEE243D66A1004920A6 /* ViewController.swift */,
				DCC2017A243D79F0004435B8 /* AAViewController.swift */,
				DC171DF0243D66A1004920A6 /* Main.storyboard */,
				DC171DF3243D66A3004920A6 /* Assets.xcassets */,
				DC171DF5243D66A3004920A6 /* LaunchScreen.storyboard */,
				DC171DF8243D66A3004920A6 /* Info.plist */,
			);
			path = GAPublicUI;
			sourceTree = "<group>";
		};
/* End PBXGroup section */

/* Begin PBXNativeTarget section */
		DC171DE6243D66A1004920A6 /* GAPublicUI */ = {
			isa = PBXNativeTarget;
			buildConfigurationList = DC171DFB243D66A3004920A6 /* Build configuration list for PBXNativeTarget "GAPublicUI" */;
			buildPhases = (
				1477E6046D434DC3CCDA2470 /* [CP] Check Pods Manifest.lock */,
				DC171DE3243D66A1004920A6 /* Sources */,
				DC171DE4243D66A1004920A6 /* Frameworks */,
				DC171DE5243D66A1004920A6 /* Resources */,
				6573DCE2D248732475D0FA44 /* [CP] Embed Pods Frameworks */,
				DCC20178243D78AE004435B8 /* Embed Frameworks */,
			);
			buildRules = (
			);
			dependencies = (
			);
			name = GAPublicUI;
			productName = GAPublicUI;
			productReference = DC171DE7243D66A1004920A6 /* GAPublicUI.app */;
			productType = "com.apple.product-type.application";
		};
/* End PBXNativeTarget section */

/* Begin PBXProject section */
		DC171DDF243D66A1004920A6 /* Project object */ = {
			isa = PBXProject;
			attributes = {
				LastSwiftUpdateCheck = 1130;
				LastUpgradeCheck = 1130;
				ORGANIZATIONNAME = houjianan;
				TargetAttributes = {
					DC171DE6243D66A1004920A6 = {
						CreatedOnToolsVersion = 11.3.1;
					};
				};
			};
			buildConfigurationList = DC171DE2243D66A1004920A6 /* Build configuration list for PBXProject "GAPublicUI" */;
			compatibilityVersion = "Xcode 9.3";
			developmentRegion = en;
			hasScannedForEncodings = 0;
			knownRegions = (
				en,
				Base,
			);
			mainGroup = DC171DDE243D66A1004920A6;
			productRefGroup = DC171DE8243D66A1004920A6 /* Products */;
			projectDirPath = "";
			projectRoot = "";
			targets = (
				DC171DE6243D66A1004920A6 /* GAPublicUI */,
			);
		};
/* End PBXProject section */

/* Begin PBXResourcesBuildPhase section */
		DC171DE5243D66A1004920A6 /* Resources */ = {
			isa = PBXResourcesBuildPhase;
			buildActionMask = 2147483647;
			files = (
				DC171DF7243D66A3004920A6 /* LaunchScreen.storyboard in Resources */,
				DC171DF4243D66A3004920A6 /* Assets.xcassets in Resources */,
				DC171DF2243D66A1004920A6 /* Main.storyboard in Resources */,
			);
			runOnlyForDeploymentPostprocessing = 0;
		};
/* End PBXResourcesBuildPhase section */

/* Begin PBXShellScriptBuildPhase section */
		1477E6046D434DC3CCDA2470 /* [CP] Check Pods Manifest.lock */ = {
			isa = PBXShellScriptBuildPhase;
			buildActionMask = 2147483647;
			files = (
			);
			inputFileListPaths = (
			);
			inputPaths = (
				"${PODS_PODFILE_DIR_PATH}/Podfile.lock",
				"${PODS_ROOT}/Manifest.lock",
			);
			name = "[CP] Check Pods Manifest.lock";
			outputFileListPaths = (
			);
			outputPaths = (
				"$(DERIVED_FILE_DIR)/Pods-GAPublicUI-checkManifestLockResult.txt",
			);
			runOnlyForDeploymentPostprocessing = 0;
			shellPath = /bin/sh;
			shellScript = "diff \"${PODS_PODFILE_DIR_PATH}/Podfile.lock\" \"${PODS_ROOT}/Manifest.lock\" > /dev/null\nif [ $? != 0 ] ; then\n    # print error to STDERR\n    echo \"error: The sandbox is not in sync with the Podfile.lock. Run 'pod install' or update your CocoaPods installation.\" >&2\n    exit 1\nfi\n# This output is used by Xcode 'outputs' to avoid re-running this script phase.\necho \"SUCCESS\" > \"${SCRIPT_OUTPUT_FILE_0}\"\n";
			showEnvVarsInLog = 0;
		};
		6573DCE2D248732475D0FA44 /* [CP] Embed Pods Frameworks */ = {
			isa = PBXShellScriptBuildPhase;
			buildActionMask = 2147483647;
			files = (
			);
			inputFileListPaths = (
				"${PODS_ROOT}/Target Support Files/Pods-GAPublicUI/Pods-GAPublicUI-frameworks-${CONFIGURATION}-input-files.xcfilelist",
			);
			name = "[CP] Embed Pods Frameworks";
			outputFileListPaths = (
				"${PODS_ROOT}/Target Support Files/Pods-GAPublicUI/Pods-GAPublicUI-frameworks-${CONFIGURATION}-output-files.xcfilelist",
			);
			runOnlyForDeploymentPostprocessing = 0;
			shellPath = /bin/sh;
			shellScript = "\"${PODS_ROOT}/Target Support Files/Pods-GAPublicUI/Pods-GAPublicUI-frameworks.sh\"\n";
			showEnvVarsInLog = 0;
		};
/* End PBXShellScriptBuildPhase section */

/* Begin PBXSourcesBuildPhase section */
		DC171DE3243D66A1004920A6 /* Sources */ = {
			isa = PBXSourcesBuildPhase;
			buildActionMask = 2147483647;
			files = (
				DC171DEF243D66A1004920A6 /* ViewController.swift in Sources */,
				DC171DEB243D66A1004920A6 /* AppDelegate.swift in Sources */,
				DCC2017B243D79F0004435B8 /* AAViewController.swift in Sources */,
				DC171DED243D66A1004920A6 /* SceneDelegate.swift in Sources */,
			);
			runOnlyForDeploymentPostprocessing = 0;
		};
/* End PBXSourcesBuildPhase section */

/* Begin PBXVariantGroup section */
		DC171DF0243D66A1004920A6 /* Main.storyboard */ = {
			isa = PBXVariantGroup;
			children = (
				DC171DF1243D66A1004920A6 /* Base */,
			);
			name = Main.storyboard;
			sourceTree = "<group>";
		};
		DC171DF5243D66A3004920A6 /* LaunchScreen.storyboard */ = {
			isa = PBXVariantGroup;
			children = (
				DC171DF6243D66A3004920A6 /* Base */,
			);
			name = LaunchScreen.storyboard;
			sourceTree = "<group>";
		};
/* End PBXVariantGroup section */

/* Begin XCBuildConfiguration section */
		DC171DF9243D66A3004920A6 /* Debug */ = {
			isa = XCBuildConfiguration;
			buildSettings = {
				ALWAYS_SEARCH_USER_PATHS = NO;
				CLANG_ANALYZER_NONNULL = YES;
				CLANG_ANALYZER_NUMBER_OBJECT_CONVERSION = YES_AGGRESSIVE;
				CLANG_CXX_LANGUAGE_STANDARD = "gnu++14";
				CLANG_CXX_LIBRARY = "libc++";
				CLANG_ENABLE_MODULES = YES;
				CLANG_ENABLE_OBJC_ARC = YES;
				CLANG_ENABLE_OBJC_WEAK = YES;
				CLANG_WARN_BLOCK_CAPTURE_AUTORELEASING = YES;
				CLANG_WARN_BOOL_CONVERSION = YES;
				CLANG_WARN_COMMA = YES;
				CLANG_WARN_CONSTANT_CONVERSION = YES;
				CLANG_WARN_DEPRECATED_OBJC_IMPLEMENTATIONS = YES;
				CLANG_WARN_DIRECT_OBJC_ISA_USAGE = YES_ERROR;
				CLANG_WARN_DOCUMENTATION_COMMENTS = YES;
				CLANG_WARN_EMPTY_BODY = YES;
				CLANG_WARN_ENUM_CONVERSION = YES;
				CLANG_WARN_INFINITE_RECURSION = YES;
				CLANG_WARN_INT_CONVERSION = YES;
				CLANG_WARN_NON_LITERAL_NULL_CONVERSION = YES;
				CLANG_WARN_OBJC_IMPLICIT_RETAIN_SELF = YES;
				CLANG_WARN_OBJC_LITERAL_CONVERSION = YES;
				CLANG_WARN_OBJC_ROOT_CLASS = YES_ERROR;
				CLANG_WARN_RANGE_LOOP_ANALYSIS = YES;
				CLANG_WARN_STRICT_PROTOTYPES = YES;
				CLANG_WARN_SUSPICIOUS_MOVE = YES;
				CLANG_WARN_UNGUARDED_AVAILABILITY = YES_AGGRESSIVE;
				CLANG_WARN_UNREACHABLE_CODE = YES;
				CLANG_WARN__DUPLICATE_METHOD_MATCH = YES;
				COPY_PHASE_STRIP = NO;
				DEBUG_INFORMATION_FORMAT = dwarf;
				ENABLE_STRICT_OBJC_MSGSEND = YES;
				ENABLE_TESTABILITY = YES;
				GCC_C_LANGUAGE_STANDARD = gnu11;
				GCC_DYNAMIC_NO_PIC = NO;
				GCC_NO_COMMON_BLOCKS = YES;
				GCC_OPTIMIZATION_LEVEL = 0;
				GCC_PREPROCESSOR_DEFINITIONS = (
					"DEBUG=1",
					"$(inherited)",
				);
				GCC_WARN_64_TO_32_BIT_CONVERSION = YES;
				GCC_WARN_ABOUT_RETURN_TYPE = YES_ERROR;
				GCC_WARN_UNDECLARED_SELECTOR = YES;
				GCC_WARN_UNINITIALIZED_AUTOS = YES_AGGRESSIVE;
				GCC_WARN_UNUSED_FUNCTION = YES;
				GCC_WARN_UNUSED_VARIABLE = YES;
				IPHONEOS_DEPLOYMENT_TARGET = 13.2;
				MTL_ENABLE_DEBUG_INFO = INCLUDE_SOURCE;
				MTL_FAST_MATH = YES;
				ONLY_ACTIVE_ARCH = YES;
				SDKROOT = iphoneos;
				SWIFT_ACTIVE_COMPILATION_CONDITIONS = DEBUG;
				SWIFT_OPTIMIZATION_LEVEL = "-Onone";
			};
			name = Debug;
		};
		DC171DFA243D66A3004920A6 /* Release */ = {
			isa = XCBuildConfiguration;
			buildSettings = {
				ALWAYS_SEARCH_USER_PATHS = NO;
				CLANG_ANALYZER_NONNULL = YES;
				CLANG_ANALYZER_NUMBER_OBJECT_CONVERSION = YES_AGGRESSIVE;
				CLANG_CXX_LANGUAGE_STANDARD = "gnu++14";
				CLANG_CXX_LIBRARY = "libc++";
				CLANG_ENABLE_MODULES = YES;
				CLANG_ENABLE_OBJC_ARC = YES;
				CLANG_ENABLE_OBJC_WEAK = YES;
				CLANG_WARN_BLOCK_CAPTURE_AUTORELEASING = YES;
				CLANG_WARN_BOOL_CONVERSION = YES;
				CLANG_WARN_COMMA = YES;
				CLANG_WARN_CONSTANT_CONVERSION = YES;
				CLANG_WARN_DEPRECATED_OBJC_IMPLEMENTATIONS = YES;
				CLANG_WARN_DIRECT_OBJC_ISA_USAGE = YES_ERROR;
				CLANG_WARN_DOCUMENTATION_COMMENTS = YES;
				CLANG_WARN_EMPTY_BODY = YES;
				CLANG_WARN_ENUM_CONVERSION = YES;
				CLANG_WARN_INFINITE_RECURSION = YES;
				CLANG_WARN_INT_CONVERSION = YES;
				CLANG_WARN_NON_LITERAL_NULL_CONVERSION = YES;
				CLANG_WARN_OBJC_IMPLICIT_RETAIN_SELF = YES;
				CLANG_WARN_OBJC_LITERAL_CONVERSION = YES;
				CLANG_WARN_OBJC_ROOT_CLASS = YES_ERROR;
				CLANG_WARN_RANGE_LOOP_ANALYSIS = YES;
				CLANG_WARN_STRICT_PROTOTYPES = YES;
				CLANG_WARN_SUSPICIOUS_MOVE = YES;
				CLANG_WARN_UNGUARDED_AVAILABILITY = YES_AGGRESSIVE;
				CLANG_WARN_UNREACHABLE_CODE = YES;
				CLANG_WARN__DUPLICATE_METHOD_MATCH = YES;
				COPY_PHASE_STRIP = NO;
				DEBUG_INFORMATION_FORMAT = "dwarf-with-dsym";
				ENABLE_NS_ASSERTIONS = NO;
				ENABLE_STRICT_OBJC_MSGSEND = YES;
				GCC_C_LANGUAGE_STANDARD = gnu11;
				GCC_NO_COMMON_BLOCKS = YES;
				GCC_WARN_64_TO_32_BIT_CONVERSION = YES;
				GCC_WARN_ABOUT_RETURN_TYPE = YES_ERROR;
				GCC_WARN_UNDECLARED_SELECTOR = YES;
				GCC_WARN_UNINITIALIZED_AUTOS = YES_AGGRESSIVE;
				GCC_WARN_UNUSED_FUNCTION = YES;
				GCC_WARN_UNUSED_VARIABLE = YES;
				IPHONEOS_DEPLOYMENT_TARGET = 13.2;
				MTL_ENABLE_DEBUG_INFO = NO;
				MTL_FAST_MATH = YES;
				SDKROOT = iphoneos;
				SWIFT_COMPILATION_MODE = wholemodule;
				SWIFT_OPTIMIZATION_LEVEL = "-O";
				VALIDATE_PRODUCT = YES;
			};
			name = Release;
		};
		DC171DFC243D66A3004920A6 /* Debug */ = {
			isa = XCBuildConfiguration;
			baseConfigurationReference = D8AC1B72C3F4DC5E5F9AED24 /* Pods-GAPublicUI.debug.xcconfig */;
			buildSettings = {
				ASSETCATALOG_COMPILER_APPICON_NAME = AppIcon;
				CODE_SIGN_STYLE = Automatic;
				DEVELOPMENT_TEAM = HGA4995V4J;
				INFOPLIST_FILE = GAPublicUI/Info.plist;
				LD_RUNPATH_SEARCH_PATHS = (
					"$(inherited)",
					"@executable_path/Frameworks",
				);
				PRODUCT_BUNDLE_IDENTIFIER = houjianan.GAPublicUI;
				PRODUCT_NAME = "$(TARGET_NAME)";
				SWIFT_VERSION = 5.0;
				TARGETED_DEVICE_FAMILY = "1,2";
			};
			name = Debug;
		};
		DC171DFD243D66A3004920A6 /* Release */ = {
			isa = XCBuildConfiguration;
			baseConfigurationReference = BE6297146DC3A55FB03057F6 /* Pods-GAPublicUI.release.xcconfig */;
			buildSettings = {
				ASSETCATALOG_COMPILER_APPICON_NAME = AppIcon;
				CODE_SIGN_STYLE = Automatic;
				DEVELOPMENT_TEAM = HGA4995V4J;
				INFOPLIST_FILE = GAPublicUI/Info.plist;
				LD_RUNPATH_SEARCH_PATHS = (
					"$(inherited)",
					"@executable_path/Frameworks",
				);
				PRODUCT_BUNDLE_IDENTIFIER = houjianan.GAPublicUI;
				PRODUCT_NAME = "$(TARGET_NAME)";
				SWIFT_VERSION = 5.0;
				TARGETED_DEVICE_FAMILY = "1,2";
			};
			name = Release;
		};
/* End XCBuildConfiguration section */

/* Begin XCConfigurationList section */
		DC171DE2243D66A1004920A6 /* Build configuration list for PBXProject "GAPublicUI" */ = {
			isa = XCConfigurationList;
			buildConfigurations = (
				DC171DF9243D66A3004920A6 /* Debug */,
				DC171DFA243D66A3004920A6 /* Release */,
			);
			defaultConfigurationIsVisible = 0;
			defaultConfigurationName = Release;
		};
		DC171DFB243D66A3004920A6 /* Build configuration list for PBXNativeTarget "GAPublicUI" */ = {
			isa = XCConfigurationList;
			buildConfigurations = (
				DC171DFC243D66A3004920A6 /* Debug */,
				DC171DFD243D66A3004920A6 /* Release */,
			);
			defaultConfigurationIsVisible = 0;
			defaultConfigurationName = Release;
		};
/* End XCConfigurationList section */
	};
	rootObject = DC171DDF243D66A1004920A6 /* Project object */;
}
